{
  "name": "wisp-server",
  "version": "1.0.0",
  "lockfileVersion": 3,
  "requires": true,
  "packages": {
    "": {
      "name": "wisp-server",
      "version": "1.0.0",
      "dependencies": {
        "wisp-server-node": "^1.1.4"
      },
      "engines": {
        "node": ">=20.0.0"
      }
    },
    "node_modules/wisp-server-node": {
      "version": "1.1.4",
      "resolved": "https://registry.npmjs.org/wisp-server-node/-/wisp-server-node-1.1.4.tgz",
      "integrity": "sha512-placeholder"
    }
  }
}
